
Microsoft Visual Studio Solution File, Format Version 12.00
# Visual Studio 14
VisualStudioVersion = 14.0.24720.0
MinimumVisualStudioVersion = 10.0.40219.1
Project("{FAE04EC0-301F-11D3-BF4B-00C04F79EFBC}") = "DAL", "DAL\DAL.csproj", "{9A45D21C-6D36-4C28-B9B2-49FE863617DD}"
EndProject
Project("{FAE04EC0-301F-11D3-BF4B-00C04F79EFBC}") = "Cross-Cutting", "Cross-Cutting\Cross-Cutting.csproj", "{1D5D8C53-E1CF-4584-BD60-819EEBC31A75}"
EndProject
Project("{FAE04EC0-301F-11D3-BF4B-00C04F79EFBC}") = "BLL", "BLL\BLL.csproj", "{C8E6A884-7D9E-498E-AD37-B378E6528B69}"
EndProject
Project("{FAE04EC0-301F-11D3-BF4B-00C04F79EFBC}") = "WebUI", "WebUI\WebUI.csproj", "{F7EDE975-93F5-4650-B6D7-D89E0844D464}"
EndProject
Project("{FAE04EC0-301F-11D3-BF4B-00C04F79EFBC}") = "PersonsCRM.Tests", "PersonsCRM.Tests\PersonsCRM.Tests.csproj", "{CCF3E021-4C6E-44ED-BE5D-F0C988DEA588}"
EndProject
Global
	GlobalSection(SolutionConfigurationPlatforms) = preSolution
		Debug|Any CPU = Debug|Any CPU
		Release|Any CPU = Release|Any CPU
	EndGlobalSection
	GlobalSection(ProjectConfigurationPlatforms) = postSolution
		{9A45D21C-6D36-4C28-B9B2-49FE863617DD}.Debug|Any CPU.ActiveCfg = Debug|Any CPU
		{9A45D21C-6D36-4C28-B9B2-49FE863617DD}.Debug|Any CPU.Build.0 = Debug|Any CPU
		{9A45D21C-6D36-4C28-B9B2-49FE863617DD}.Release|Any CPU.ActiveCfg = Release|Any CPU
		{9A45D21C-6D36-4C28-B9B2-49FE863617DD}.Release|Any CPU.Build.0 = Release|Any CPU
		{1D5D8C53-E1CF-4584-BD60-819EEBC31A75}.Debug|Any CPU.ActiveCfg = Debug|Any CPU
		{1D5D8C53-E1CF-4584-BD60-819EEBC31A75}.Debug|Any CPU.Build.0 = Debug|Any CPU
		{1D5D8C53-E1CF-4584-BD60-819EEBC31A75}.Release|Any CPU.ActiveCfg = Release|Any CPU
		{1D5D8C53-E1CF-4584-BD60-819EEBC31A75}.Release|Any CPU.Build.0 = Release|Any CPU
		{C8E6A884-7D9E-498E-AD37-B378E6528B69}.Debug|Any CPU.ActiveCfg = Debug|Any CPU
		{C8E6A884-7D9E-498E-AD37-B378E6528B69}.Debug|Any CPU.Build.0 = Debug|Any CPU
		{C8E6A884-7D9E-498E-AD37-B378E6528B69}.Release|Any CPU.ActiveCfg = Release|Any CPU
		{C8E6A884-7D9E-498E-AD37-B378E6528B69}.Release|Any CPU.Build.0 = Release|Any CPU
		{F7EDE975-93F5-4650-B6D7-D89E0844D464}.Debug|Any CPU.ActiveCfg = Debug|Any CPU
		{F7EDE975-93F5-4650-B6D7-D89E0844D464}.Debug|Any CPU.Build.0 = Debug|Any CPU
		{F7EDE975-93F5-4650-B6D7-D89E0844D464}.Release|Any CPU.ActiveCfg = Release|Any CPU
		{F7EDE975-93F5-4650-B6D7-D89E0844D464}.Release|Any CPU.Build.0 = Release|Any CPU
		{CCF3E021-4C6E-44ED-BE5D-F0C988DEA588}.Debug|Any CPU.ActiveCfg = Debug|Any CPU
		{CCF3E021-4C6E-44ED-BE5D-F0C988DEA588}.Debug|Any CPU.Build.0 = Debug|Any CPU
		{CCF3E021-4C6E-44ED-BE5D-F0C988DEA588}.Release|Any CPU.ActiveCfg = Release|Any CPU
		{CCF3E021-4C6E-44ED-BE5D-F0C988DEA588}.Release|Any CPU.Build.0 = Release|Any CPU
	EndGlobalSection
	GlobalSection(SolutionProperties) = preSolution
		HideSolutionNode = FALSE
	EndGlobalSection
EndGlobal
