
Microsoft Visual Studio Solution File, Format Version 12.00
# Visual Studio 14
VisualStudioVersion = 14.0.24720.0
MinimumVisualStudioVersion = 10.0.40219.1
Project("{FAE04EC0-301F-11D3-BF4B-00C04F79EFBC}") = "DAL", "DAL\DAL.csproj", "{37521825-5D32-4368-BA4B-711F5109A4BC}"
EndProject
Project("{FAE04EC0-301F-11D3-BF4B-00C04F79EFBC}") = "BLL", "BLL\BLL.csproj", "{A86CFBA0-5F2E-4077-9F39-BBE51E862C3A}"
EndProject
Project("{FAE04EC0-301F-11D3-BF4B-00C04F79EFBC}") = "WebUI", "WebUI\WebUI.csproj", "{53F7FBEF-F4EC-4AE1-8192-5BF99FACBB88}"
EndProject
Global
	GlobalSection(SolutionConfigurationPlatforms) = preSolution
		Debug|Any CPU = Debug|Any CPU
		Release|Any CPU = Release|Any CPU
	EndGlobalSection
	GlobalSection(ProjectConfigurationPlatforms) = postSolution
		{37521825-5D32-4368-BA4B-711F5109A4BC}.Debug|Any CPU.ActiveCfg = Debug|Any CPU
		{37521825-5D32-4368-BA4B-711F5109A4BC}.Debug|Any CPU.Build.0 = Debug|Any CPU
		{37521825-5D32-4368-BA4B-711F5109A4BC}.Release|Any CPU.ActiveCfg = Release|Any CPU
		{37521825-5D32-4368-BA4B-711F5109A4BC}.Release|Any CPU.Build.0 = Release|Any CPU
		{A86CFBA0-5F2E-4077-9F39-BBE51E862C3A}.Debug|Any CPU.ActiveCfg = Debug|Any CPU
		{A86CFBA0-5F2E-4077-9F39-BBE51E862C3A}.Debug|Any CPU.Build.0 = Debug|Any CPU
		{A86CFBA0-5F2E-4077-9F39-BBE51E862C3A}.Release|Any CPU.ActiveCfg = Release|Any CPU
		{A86CFBA0-5F2E-4077-9F39-BBE51E862C3A}.Release|Any CPU.Build.0 = Release|Any CPU
		{53F7FBEF-F4EC-4AE1-8192-5BF99FACBB88}.Debug|Any CPU.ActiveCfg = Debug|Any CPU
		{53F7FBEF-F4EC-4AE1-8192-5BF99FACBB88}.Debug|Any CPU.Build.0 = Debug|Any CPU
		{53F7FBEF-F4EC-4AE1-8192-5BF99FACBB88}.Release|Any CPU.ActiveCfg = Release|Any CPU
		{53F7FBEF-F4EC-4AE1-8192-5BF99FACBB88}.Release|Any CPU.Build.0 = Release|Any CPU
	EndGlobalSection
	GlobalSection(SolutionProperties) = preSolution
		HideSolutionNode = FALSE
	EndGlobalSection
EndGlobal
