
Microsoft Visual Studio Solution File, Format Version 12.00
# Visual Studio 14
VisualStudioVersion = 14.0.24720.0
MinimumVisualStudioVersion = 10.0.40219.1
Project("{FAE04EC0-301F-11D3-BF4B-00C04F79EFBC}") = "WebUI", "Architecture\WebUI.csproj", "{8C4A10CA-86E0-4C89-836D-4301662E39A1}"
EndProject
Project("{FAE04EC0-301F-11D3-BF4B-00C04F79EFBC}") = "BLL", "BLL\BLL.csproj", "{A434BCE2-9D57-4ECB-B8C1-F6521EF9E299}"
EndProject
Project("{FAE04EC0-301F-11D3-BF4B-00C04F79EFBC}") = "DAL", "DAL\DAL.csproj", "{8E69AA71-5767-44DB-B1EA-08B04FE41D4A}"
EndProject
Project("{FAE04EC0-301F-11D3-BF4B-00C04F79EFBC}") = "CrossCutting", "CrossCutting\CrossCutting.csproj", "{1D98F4AF-AD18-49DF-9E21-895961A426E5}"
EndProject
Project("{F088123C-0E9E-452A-89E6-6BA2F21D5CAC}") = "ModelingProject", "ModelingProject\ModelingProject.modelproj", "{70DF36EE-DAD7-4365-8B7D-E35CBEFA2D74}"
EndProject
Global
	GlobalSection(SolutionConfigurationPlatforms) = preSolution
		Debug|Any CPU = Debug|Any CPU
		Release|Any CPU = Release|Any CPU
	EndGlobalSection
	GlobalSection(ProjectConfigurationPlatforms) = postSolution
		{8C4A10CA-86E0-4C89-836D-4301662E39A1}.Debug|Any CPU.ActiveCfg = Debug|Any CPU
		{8C4A10CA-86E0-4C89-836D-4301662E39A1}.Debug|Any CPU.Build.0 = Debug|Any CPU
		{8C4A10CA-86E0-4C89-836D-4301662E39A1}.Release|Any CPU.ActiveCfg = Release|Any CPU
		{8C4A10CA-86E0-4C89-836D-4301662E39A1}.Release|Any CPU.Build.0 = Release|Any CPU
		{A434BCE2-9D57-4ECB-B8C1-F6521EF9E299}.Debug|Any CPU.ActiveCfg = Debug|Any CPU
		{A434BCE2-9D57-4ECB-B8C1-F6521EF9E299}.Debug|Any CPU.Build.0 = Debug|Any CPU
		{A434BCE2-9D57-4ECB-B8C1-F6521EF9E299}.Release|Any CPU.ActiveCfg = Release|Any CPU
		{A434BCE2-9D57-4ECB-B8C1-F6521EF9E299}.Release|Any CPU.Build.0 = Release|Any CPU
		{8E69AA71-5767-44DB-B1EA-08B04FE41D4A}.Debug|Any CPU.ActiveCfg = Debug|Any CPU
		{8E69AA71-5767-44DB-B1EA-08B04FE41D4A}.Debug|Any CPU.Build.0 = Debug|Any CPU
		{8E69AA71-5767-44DB-B1EA-08B04FE41D4A}.Release|Any CPU.ActiveCfg = Release|Any CPU
		{8E69AA71-5767-44DB-B1EA-08B04FE41D4A}.Release|Any CPU.Build.0 = Release|Any CPU
		{1D98F4AF-AD18-49DF-9E21-895961A426E5}.Debug|Any CPU.ActiveCfg = Debug|Any CPU
		{1D98F4AF-AD18-49DF-9E21-895961A426E5}.Debug|Any CPU.Build.0 = Debug|Any CPU
		{1D98F4AF-AD18-49DF-9E21-895961A426E5}.Release|Any CPU.ActiveCfg = Release|Any CPU
		{1D98F4AF-AD18-49DF-9E21-895961A426E5}.Release|Any CPU.Build.0 = Release|Any CPU
		{70DF36EE-DAD7-4365-8B7D-E35CBEFA2D74}.Debug|Any CPU.ActiveCfg = Debug|Any CPU
		{70DF36EE-DAD7-4365-8B7D-E35CBEFA2D74}.Debug|Any CPU.Build.0 = Debug|Any CPU
		{70DF36EE-DAD7-4365-8B7D-E35CBEFA2D74}.Release|Any CPU.ActiveCfg = Release|Any CPU
		{70DF36EE-DAD7-4365-8B7D-E35CBEFA2D74}.Release|Any CPU.Build.0 = Release|Any CPU
	EndGlobalSection
	GlobalSection(SolutionProperties) = preSolution
		HideSolutionNode = FALSE
	EndGlobalSection
EndGlobal
