
Microsoft Visual Studio Solution File, Format Version 12.00
# Visual Studio 14
VisualStudioVersion = 14.0.24720.0
MinimumVisualStudioVersion = 10.0.40219.1
Project("{FAE04EC0-301F-11D3-BF4B-00C04F79EFBC}") = "DAL", "DAL\DAL.csproj", "{A75DC3FB-56DE-4673-9572-358E0EB8E2E2}"
EndProject
Project("{FAE04EC0-301F-11D3-BF4B-00C04F79EFBC}") = "Cross-Cutting", "Cross-Cutting\Cross-Cutting.csproj", "{3870AFDF-3758-4991-BCE7-2E57E0DEC779}"
EndProject
Project("{FAE04EC0-301F-11D3-BF4B-00C04F79EFBC}") = "BLL", "BLL\BLL.csproj", "{805040F6-0BA3-4944-903A-C1020C306A7E}"
EndProject
Project("{FAE04EC0-301F-11D3-BF4B-00C04F79EFBC}") = "WebUI", "WebUI\WebUI.csproj", "{78FA1D0A-31A0-4195-819C-665AF0DFA34B}"
EndProject
Project("{FAE04EC0-301F-11D3-BF4B-00C04F79EFBC}") = "Phoneebook.Tests", "Phoneebook.Tests\Phoneebook.Tests.csproj", "{5407A25C-CBE6-41EF-97AF-54CEC5731F46}"
EndProject
Global
	GlobalSection(SolutionConfigurationPlatforms) = preSolution
		Debug|Any CPU = Debug|Any CPU
		Release|Any CPU = Release|Any CPU
	EndGlobalSection
	GlobalSection(ProjectConfigurationPlatforms) = postSolution
		{A75DC3FB-56DE-4673-9572-358E0EB8E2E2}.Debug|Any CPU.ActiveCfg = Debug|Any CPU
		{A75DC3FB-56DE-4673-9572-358E0EB8E2E2}.Debug|Any CPU.Build.0 = Debug|Any CPU
		{A75DC3FB-56DE-4673-9572-358E0EB8E2E2}.Release|Any CPU.ActiveCfg = Release|Any CPU
		{A75DC3FB-56DE-4673-9572-358E0EB8E2E2}.Release|Any CPU.Build.0 = Release|Any CPU
		{3870AFDF-3758-4991-BCE7-2E57E0DEC779}.Debug|Any CPU.ActiveCfg = Debug|Any CPU
		{3870AFDF-3758-4991-BCE7-2E57E0DEC779}.Debug|Any CPU.Build.0 = Debug|Any CPU
		{3870AFDF-3758-4991-BCE7-2E57E0DEC779}.Release|Any CPU.ActiveCfg = Release|Any CPU
		{3870AFDF-3758-4991-BCE7-2E57E0DEC779}.Release|Any CPU.Build.0 = Release|Any CPU
		{805040F6-0BA3-4944-903A-C1020C306A7E}.Debug|Any CPU.ActiveCfg = Debug|Any CPU
		{805040F6-0BA3-4944-903A-C1020C306A7E}.Debug|Any CPU.Build.0 = Debug|Any CPU
		{805040F6-0BA3-4944-903A-C1020C306A7E}.Release|Any CPU.ActiveCfg = Release|Any CPU
		{805040F6-0BA3-4944-903A-C1020C306A7E}.Release|Any CPU.Build.0 = Release|Any CPU
		{78FA1D0A-31A0-4195-819C-665AF0DFA34B}.Debug|Any CPU.ActiveCfg = Debug|Any CPU
		{78FA1D0A-31A0-4195-819C-665AF0DFA34B}.Debug|Any CPU.Build.0 = Debug|Any CPU
		{78FA1D0A-31A0-4195-819C-665AF0DFA34B}.Release|Any CPU.ActiveCfg = Release|Any CPU
		{78FA1D0A-31A0-4195-819C-665AF0DFA34B}.Release|Any CPU.Build.0 = Release|Any CPU
		{5407A25C-CBE6-41EF-97AF-54CEC5731F46}.Debug|Any CPU.ActiveCfg = Debug|Any CPU
		{5407A25C-CBE6-41EF-97AF-54CEC5731F46}.Debug|Any CPU.Build.0 = Debug|Any CPU
		{5407A25C-CBE6-41EF-97AF-54CEC5731F46}.Release|Any CPU.ActiveCfg = Release|Any CPU
		{5407A25C-CBE6-41EF-97AF-54CEC5731F46}.Release|Any CPU.Build.0 = Release|Any CPU
	EndGlobalSection
	GlobalSection(SolutionProperties) = preSolution
		HideSolutionNode = FALSE
	EndGlobalSection
EndGlobal
