
Microsoft Visual Studio Solution File, Format Version 12.00
# Visual Studio 14
VisualStudioVersion = 14.0.23107.0
MinimumVisualStudioVersion = 10.0.40219.1
Project("{FAE04EC0-301F-11D3-BF4B-00C04F79EFBC}") = "UI", "UI\UI.csproj", "{4A192103-A0F9-4A38-B841-D07403942CDD}"
EndProject
Project("{FAE04EC0-301F-11D3-BF4B-00C04F79EFBC}") = "BLL", "BLL\BLL.csproj", "{231C5EC1-EBD6-475B-A8F1-E92CAE88BA70}"
EndProject
Project("{FAE04EC0-301F-11D3-BF4B-00C04F79EFBC}") = "Tests", "Tests\Tests.csproj", "{F7AE7596-73F6-4AE6-9751-F829CD0D2928}"
EndProject
Global
	GlobalSection(SolutionConfigurationPlatforms) = preSolution
		Debug|Any CPU = Debug|Any CPU
		Release|Any CPU = Release|Any CPU
	EndGlobalSection
	GlobalSection(ProjectConfigurationPlatforms) = postSolution
		{4A192103-A0F9-4A38-B841-D07403942CDD}.Debug|Any CPU.ActiveCfg = Debug|Any CPU
		{4A192103-A0F9-4A38-B841-D07403942CDD}.Debug|Any CPU.Build.0 = Debug|Any CPU
		{4A192103-A0F9-4A38-B841-D07403942CDD}.Release|Any CPU.ActiveCfg = Release|Any CPU
		{4A192103-A0F9-4A38-B841-D07403942CDD}.Release|Any CPU.Build.0 = Release|Any CPU
		{231C5EC1-EBD6-475B-A8F1-E92CAE88BA70}.Debug|Any CPU.ActiveCfg = Debug|Any CPU
		{231C5EC1-EBD6-475B-A8F1-E92CAE88BA70}.Debug|Any CPU.Build.0 = Debug|Any CPU
		{231C5EC1-EBD6-475B-A8F1-E92CAE88BA70}.Release|Any CPU.ActiveCfg = Release|Any CPU
		{231C5EC1-EBD6-475B-A8F1-E92CAE88BA70}.Release|Any CPU.Build.0 = Release|Any CPU
		{F7AE7596-73F6-4AE6-9751-F829CD0D2928}.Debug|Any CPU.ActiveCfg = Debug|Any CPU
		{F7AE7596-73F6-4AE6-9751-F829CD0D2928}.Debug|Any CPU.Build.0 = Debug|Any CPU
		{F7AE7596-73F6-4AE6-9751-F829CD0D2928}.Release|Any CPU.ActiveCfg = Release|Any CPU
		{F7AE7596-73F6-4AE6-9751-F829CD0D2928}.Release|Any CPU.Build.0 = Release|Any CPU
	EndGlobalSection
	GlobalSection(SolutionProperties) = preSolution
		HideSolutionNode = FALSE
	EndGlobalSection
EndGlobal
