
Microsoft Visual Studio Solution File, Format Version 12.00
# Visual Studio 14
VisualStudioVersion = 14.0.23107.0
MinimumVisualStudioVersion = 10.0.40219.1
Project("{FAE04EC0-301F-11D3-BF4B-00C04F79EFBC}") = "DataStructures", "DataStructures\DataStructures.csproj", "{3AAFA444-23BE-4654-9A62-4F75D989FFC0}"
EndProject
Project("{FAE04EC0-301F-11D3-BF4B-00C04F79EFBC}") = "DataStructuresTest", "DataStructuresTest\DataStructuresTest.csproj", "{887D3EFC-1242-431D-B005-679F6105D69B}"
EndProject
Global
	GlobalSection(SolutionConfigurationPlatforms) = preSolution
		Debug|Any CPU = Debug|Any CPU
		Release|Any CPU = Release|Any CPU
	EndGlobalSection
	GlobalSection(ProjectConfigurationPlatforms) = postSolution
		{3AAFA444-23BE-4654-9A62-4F75D989FFC0}.Debug|Any CPU.ActiveCfg = Debug|Any CPU
		{3AAFA444-23BE-4654-9A62-4F75D989FFC0}.Debug|Any CPU.Build.0 = Debug|Any CPU
		{3AAFA444-23BE-4654-9A62-4F75D989FFC0}.Release|Any CPU.ActiveCfg = Release|Any CPU
		{3AAFA444-23BE-4654-9A62-4F75D989FFC0}.Release|Any CPU.Build.0 = Release|Any CPU
		{887D3EFC-1242-431D-B005-679F6105D69B}.Debug|Any CPU.ActiveCfg = Debug|Any CPU
		{887D3EFC-1242-431D-B005-679F6105D69B}.Debug|Any CPU.Build.0 = Debug|Any CPU
		{887D3EFC-1242-431D-B005-679F6105D69B}.Release|Any CPU.ActiveCfg = Release|Any CPU
		{887D3EFC-1242-431D-B005-679F6105D69B}.Release|Any CPU.Build.0 = Release|Any CPU
	EndGlobalSection
	GlobalSection(SolutionProperties) = preSolution
		HideSolutionNode = FALSE
	EndGlobalSection
EndGlobal
