
Microsoft Visual Studio Solution File, Format Version 12.00
# Visual Studio 14
VisualStudioVersion = 14.0.23107.0
MinimumVisualStudioVersion = 10.0.40219.1
Project("{FAE04EC0-301F-11D3-BF4B-00C04F79EFBC}") = "DLLs", "DLLs\DLLs.csproj", "{8B82E8C1-0802-414E-99DB-0D78841A0A85}"
EndProject
Project("{FAE04EC0-301F-11D3-BF4B-00C04F79EFBC}") = "Tests", "Tests\Tests.csproj", "{DD574DB8-A8F4-4F57-992D-D6EDBDE84E71}"
EndProject
Global
	GlobalSection(SolutionConfigurationPlatforms) = preSolution
		Debug|Any CPU = Debug|Any CPU
		Release|Any CPU = Release|Any CPU
	EndGlobalSection
	GlobalSection(ProjectConfigurationPlatforms) = postSolution
		{8B82E8C1-0802-414E-99DB-0D78841A0A85}.Debug|Any CPU.ActiveCfg = Debug|Any CPU
		{8B82E8C1-0802-414E-99DB-0D78841A0A85}.Debug|Any CPU.Build.0 = Debug|Any CPU
		{8B82E8C1-0802-414E-99DB-0D78841A0A85}.Release|Any CPU.ActiveCfg = Release|Any CPU
		{8B82E8C1-0802-414E-99DB-0D78841A0A85}.Release|Any CPU.Build.0 = Release|Any CPU
		{DD574DB8-A8F4-4F57-992D-D6EDBDE84E71}.Debug|Any CPU.ActiveCfg = Debug|Any CPU
		{DD574DB8-A8F4-4F57-992D-D6EDBDE84E71}.Debug|Any CPU.Build.0 = Debug|Any CPU
		{DD574DB8-A8F4-4F57-992D-D6EDBDE84E71}.Release|Any CPU.ActiveCfg = Release|Any CPU
		{DD574DB8-A8F4-4F57-992D-D6EDBDE84E71}.Release|Any CPU.Build.0 = Release|Any CPU
	EndGlobalSection
	GlobalSection(SolutionProperties) = preSolution
		HideSolutionNode = FALSE
	EndGlobalSection
EndGlobal
